
Microsoft Visual Studio Solution File, Format Version 12.00
Project("{FAE04EC0-301F-11D3-BF4B-00C04F79EFBC}") = "SchoolRental", "SchoolRental.csproj", "{B0351A36-B4E7-45CA-8D00-1C8A91A4F384}"
EndProject
Global
	GlobalSection(SolutionConfigurationPlatforms) = preSolution
		Debug|Any CPU = Debug|Any CPU
		Release|Any CPU = Release|Any CPU
	EndGlobalSection
	GlobalSection(ProjectConfigurationPlatforms) = postSolution
		{B0351A36-B4E7-45CA-8D00-1C8A91A4F384}.Debug|Any CPU.ActiveCfg = Debug|Any CPU
		{B0351A36-B4E7-45CA-8D00-1C8A91A4F384}.Debug|Any CPU.Build.0 = Debug|Any CPU
		{B0351A36-B4E7-45CA-8D00-1C8A91A4F384}.Release|Any CPU.ActiveCfg = Release|Any CPU
		{B0351A36-B4E7-45CA-8D00-1C8A91A4F384}.Release|Any CPU.Build.0 = Release|Any CPU
	EndGlobalSection
EndGlobal
